
Microsoft Visual Studio Solution File, Format Version 12.00
# Visual Studio Version 16
VisualStudioVersion = 16.0.31105.61
MinimumVisualStudioVersion = 10.0.40219.1
Project("{FAE04EC0-301F-11D3-BF4B-00C04F79EFBC}") = "GuidGenerator", "GuidGenerator.csproj", "{137E730C-84F0-46CD-8A7E-D8FD3A30EF4C}"
EndProject
Global
	GlobalSection(SolutionConfigurationPlatforms) = preSolution
		Debug|Any CPU = Debug|Any CPU
		Release|Any CPU = Release|Any CPU
	EndGlobalSection
	GlobalSection(ProjectConfigurationPlatforms) = postSolution
		{137E730C-84F0-46CD-8A7E-D8FD3A30EF4C}.Debug|Any CPU.ActiveCfg = Debug|Any CPU
		{137E730C-84F0-46CD-8A7E-D8FD3A30EF4C}.Debug|Any CPU.Build.0 = Debug|Any CPU
		{137E730C-84F0-46CD-8A7E-D8FD3A30EF4C}.Release|Any CPU.ActiveCfg = Release|Any CPU
		{137E730C-84F0-46CD-8A7E-D8FD3A30EF4C}.Release|Any CPU.Build.0 = Release|Any CPU
	EndGlobalSection
	GlobalSection(SolutionProperties) = preSolution
		HideSolutionNode = FALSE
	EndGlobalSection
	GlobalSection(ExtensibilityGlobals) = postSolution
		SolutionGuid = {5AD04BA1-4EFF-47D2-ACC8-A4CF3FD74DA0}
	EndGlobalSection
EndGlobal
